
Microsoft Visual Studio Solution File, Format Version 12.00
# Visual Studio 15
VisualStudioVersion = 15.0.28307.329
MinimumVisualStudioVersion = 10.0.40219.1
Project("{FAE04EC0-301F-11D3-BF4B-00C04F79EFBC}") = "Lesson_8", "Lesson_8.csproj", "{AAE10B04-0B98-4E07-B715-F91EE7701D9B}"
EndProject
Project("{FAE04EC0-301F-11D3-BF4B-00C04F79EFBC}") = "frmTask2", "frmTask2\frmTask2.csproj", "{6ED87255-862A-4632-9C1C-3D84B1C4E260}"
EndProject
Project("{FAE04EC0-301F-11D3-BF4B-00C04F79EFBC}") = "frmTask3", "frmTask3\frmTask3.csproj", "{FB287032-417F-4033-ADCD-D53A666C433E}"
EndProject
Project("{FAE04EC0-301F-11D3-BF4B-00C04F79EFBC}") = "frmTask4", "frmTask4\frmTask4.csproj", "{EA213FA7-5A52-4C41-B7E4-70D63D701555}"
EndProject
Project("{FAE04EC0-301F-11D3-BF4B-00C04F79EFBC}") = "frmTask1", "frmTask1\frmTask1.csproj", "{C103C561-4EDD-48D8-9731-AE6EF1789861}"
EndProject
Project("{FAE04EC0-301F-11D3-BF4B-00C04F79EFBC}") = "frmTask5", "frmTask5\frmTask5.csproj", "{89409E29-173B-4630-ABBA-0D2666070190}"
EndProject
Global
	GlobalSection(SolutionConfigurationPlatforms) = preSolution
		Debug|Any CPU = Debug|Any CPU
		Release|Any CPU = Release|Any CPU
	EndGlobalSection
	GlobalSection(ProjectConfigurationPlatforms) = postSolution
		{AAE10B04-0B98-4E07-B715-F91EE7701D9B}.Debug|Any CPU.ActiveCfg = Debug|Any CPU
		{AAE10B04-0B98-4E07-B715-F91EE7701D9B}.Debug|Any CPU.Build.0 = Debug|Any CPU
		{AAE10B04-0B98-4E07-B715-F91EE7701D9B}.Release|Any CPU.ActiveCfg = Release|Any CPU
		{AAE10B04-0B98-4E07-B715-F91EE7701D9B}.Release|Any CPU.Build.0 = Release|Any CPU
		{6ED87255-862A-4632-9C1C-3D84B1C4E260}.Debug|Any CPU.ActiveCfg = Debug|Any CPU
		{6ED87255-862A-4632-9C1C-3D84B1C4E260}.Debug|Any CPU.Build.0 = Debug|Any CPU
		{6ED87255-862A-4632-9C1C-3D84B1C4E260}.Release|Any CPU.ActiveCfg = Release|Any CPU
		{6ED87255-862A-4632-9C1C-3D84B1C4E260}.Release|Any CPU.Build.0 = Release|Any CPU
		{FB287032-417F-4033-ADCD-D53A666C433E}.Debug|Any CPU.ActiveCfg = Debug|Any CPU
		{FB287032-417F-4033-ADCD-D53A666C433E}.Debug|Any CPU.Build.0 = Debug|Any CPU
		{FB287032-417F-4033-ADCD-D53A666C433E}.Release|Any CPU.ActiveCfg = Release|Any CPU
		{FB287032-417F-4033-ADCD-D53A666C433E}.Release|Any CPU.Build.0 = Release|Any CPU
		{EA213FA7-5A52-4C41-B7E4-70D63D701555}.Debug|Any CPU.ActiveCfg = Debug|Any CPU
		{EA213FA7-5A52-4C41-B7E4-70D63D701555}.Debug|Any CPU.Build.0 = Debug|Any CPU
		{EA213FA7-5A52-4C41-B7E4-70D63D701555}.Release|Any CPU.ActiveCfg = Release|Any CPU
		{EA213FA7-5A52-4C41-B7E4-70D63D701555}.Release|Any CPU.Build.0 = Release|Any CPU
		{C103C561-4EDD-48D8-9731-AE6EF1789861}.Debug|Any CPU.ActiveCfg = Debug|Any CPU
		{C103C561-4EDD-48D8-9731-AE6EF1789861}.Debug|Any CPU.Build.0 = Debug|Any CPU
		{C103C561-4EDD-48D8-9731-AE6EF1789861}.Release|Any CPU.ActiveCfg = Release|Any CPU
		{C103C561-4EDD-48D8-9731-AE6EF1789861}.Release|Any CPU.Build.0 = Release|Any CPU
		{89409E29-173B-4630-ABBA-0D2666070190}.Debug|Any CPU.ActiveCfg = Debug|Any CPU
		{89409E29-173B-4630-ABBA-0D2666070190}.Debug|Any CPU.Build.0 = Debug|Any CPU
		{89409E29-173B-4630-ABBA-0D2666070190}.Release|Any CPU.ActiveCfg = Release|Any CPU
		{89409E29-173B-4630-ABBA-0D2666070190}.Release|Any CPU.Build.0 = Release|Any CPU
	EndGlobalSection
	GlobalSection(SolutionProperties) = preSolution
		HideSolutionNode = FALSE
	EndGlobalSection
	GlobalSection(ExtensibilityGlobals) = postSolution
		SolutionGuid = {A6E1628A-6A5E-481B-BDCD-2D88CA49DD1E}
	EndGlobalSection
EndGlobal
