
Microsoft Visual Studio Solution File, Format Version 12.00
# Visual Studio 15
VisualStudioVersion = 15.0.28307.329
MinimumVisualStudioVersion = 10.0.40219.1
Project("{FAE04EC0-301F-11D3-BF4B-00C04F79EFBC}") = "GuessNum", "GuessNum.csproj", "{72146050-A7B5-47F9-B365-0DEDB65D2EE6}"
EndProject
Global
	GlobalSection(SolutionConfigurationPlatforms) = preSolution
		Debug|Any CPU = Debug|Any CPU
		Release|Any CPU = Release|Any CPU
	EndGlobalSection
	GlobalSection(ProjectConfigurationPlatforms) = postSolution
		{72146050-A7B5-47F9-B365-0DEDB65D2EE6}.Debug|Any CPU.ActiveCfg = Debug|Any CPU
		{72146050-A7B5-47F9-B365-0DEDB65D2EE6}.Debug|Any CPU.Build.0 = Debug|Any CPU
		{72146050-A7B5-47F9-B365-0DEDB65D2EE6}.Release|Any CPU.ActiveCfg = Release|Any CPU
		{72146050-A7B5-47F9-B365-0DEDB65D2EE6}.Release|Any CPU.Build.0 = Release|Any CPU
	EndGlobalSection
	GlobalSection(SolutionProperties) = preSolution
		HideSolutionNode = FALSE
	EndGlobalSection
	GlobalSection(ExtensibilityGlobals) = postSolution
		SolutionGuid = {D4AA445A-81DA-4E65-9F3C-6B7E99E6466F}
	EndGlobalSection
EndGlobal
